
Microsoft Visual Studio Solution File, Format Version 12.00
# Visual Studio Version 17
VisualStudioVersion = 17.2.32630.192
MinimumVisualStudioVersion = 10.0.40219.1
Project("{FAE04EC0-301F-11D3-BF4B-00C04F79EFBC}") = "WebSindicato", "WebSindicato.csproj", "{EE7437B9-6627-4A5E-B16B-D6ACF5658900}"
EndProject
Global
	GlobalSection(SolutionConfigurationPlatforms) = preSolution
		Debug|Any CPU = Debug|Any CPU
		Release|Any CPU = Release|Any CPU
	EndGlobalSection
	GlobalSection(ProjectConfigurationPlatforms) = postSolution
		{EE7437B9-6627-4A5E-B16B-D6ACF5658900}.Debug|Any CPU.ActiveCfg = Debug|Any CPU
		{EE7437B9-6627-4A5E-B16B-D6ACF5658900}.Debug|Any CPU.Build.0 = Debug|Any CPU
		{EE7437B9-6627-4A5E-B16B-D6ACF5658900}.Release|Any CPU.ActiveCfg = Release|Any CPU
		{EE7437B9-6627-4A5E-B16B-D6ACF5658900}.Release|Any CPU.Build.0 = Release|Any CPU
	EndGlobalSection
	GlobalSection(SolutionProperties) = preSolution
		HideSolutionNode = FALSE
	EndGlobalSection
	GlobalSection(ExtensibilityGlobals) = postSolution
		SolutionGuid = {067A6A96-6135-4A13-A1E1-324F6688C2B2}
	EndGlobalSection
EndGlobal
